
Microsoft Visual Studio Solution File, Format Version 12.00
Project("{9A19103F-16F7-4668-BE54-9A1E7A4F7556}") = "SharpScratch", "SharpScratch\SharpScratch.csproj", "{F86ED14B-03DC-4301-B6FD-B7AD0AEEC187}"
EndProject
Global
	GlobalSection(SolutionConfigurationPlatforms) = preSolution
		Debug|Any CPU = Debug|Any CPU
		Release|Any CPU = Release|Any CPU
	EndGlobalSection
	GlobalSection(ProjectConfigurationPlatforms) = postSolution
		{F86ED14B-03DC-4301-B6FD-B7AD0AEEC187}.Debug|Any CPU.ActiveCfg = Debug|Any CPU
		{F86ED14B-03DC-4301-B6FD-B7AD0AEEC187}.Debug|Any CPU.Build.0 = Debug|Any CPU
		{F86ED14B-03DC-4301-B6FD-B7AD0AEEC187}.Release|Any CPU.ActiveCfg = Release|Any CPU
		{F86ED14B-03DC-4301-B6FD-B7AD0AEEC187}.Release|Any CPU.Build.0 = Release|Any CPU
	EndGlobalSection
EndGlobal
